PODS:
  - SnapKit (4.2.0)
  - STRegex (1.1.0)
  - SwiftHEXColors (1.2.0)
  - Toast-Swift (4.0.1)

DEPENDENCIES:
  - SnapKit (~> 4.2.0)
  - STRegex (~> 1.1.0)
  - SwiftHEXColors (~> 1.2.0)
  - Toast-Swift (~> 4.0.1)

SPEC CHECKSUMS:
  SnapKit: fe8a619752f3f27075cc9a90244d75c6c3f27e2a
  STRegex: eb1f4c2fe9e2f0265b8df8634774cd8cd8914018
  SwiftHEXColors: a4ebe93a70890a9fa124e205dd785cc7552273b4
  Toast-Swift: e42a638589a2f95036b4bb7626cfbdde7daf0393

PODFILE CHECKSUM: bd010a324fa643bb792fd7e01a42deb69a0517c8

COCOAPODS: 1.2.1
